
Microsoft Visual Studio Solution File, Format Version 12.00
# Visual Studio Version 17
VisualStudioVersion = 17.3.32929.385
MinimumVisualStudioVersion = 10.0.40219.1
Project("{FAE04EC0-301F-11D3-BF4B-00C04F79EFBC}") = "WorkTracker", "WorkTracker\WorkTracker.csproj", "{F5836A9E-5DF9-4617-AD94-B928248BFA7F}"
EndProject
Global
	GlobalSection(SolutionConfigurationPlatforms) = preSolution
		Debug|Any CPU = Debug|Any CPU
		Release|Any CPU = Release|Any CPU
	EndGlobalSection
	GlobalSection(ProjectConfigurationPlatforms) = postSolution
		{F5836A9E-5DF9-4617-AD94-B928248BFA7F}.Debug|Any CPU.ActiveCfg = Debug|Any CPU
		{F5836A9E-5DF9-4617-AD94-B928248BFA7F}.Debug|Any CPU.Build.0 = Debug|Any CPU
		{F5836A9E-5DF9-4617-AD94-B928248BFA7F}.Release|Any CPU.ActiveCfg = Release|Any CPU
		{F5836A9E-5DF9-4617-AD94-B928248BFA7F}.Release|Any CPU.Build.0 = Release|Any CPU
	EndGlobalSection
	GlobalSection(SolutionProperties) = preSolution
		HideSolutionNode = FALSE
	EndGlobalSection
	GlobalSection(ExtensibilityGlobals) = postSolution
		SolutionGuid = {CFDA4A97-19DA-42DF-BA63-AB8657757773}
	EndGlobalSection
EndGlobal
